{
  "nodes": {
    "nixpkgs": {
      "locked": {
        "lastModified": 1791260994,
        "narHash": "sha256-Miqqk/ammqnTUxaoCyvtwoPeLbI1ksFyLxi/CazZpWY=",
        "owner": "nixos",
        "repo": "nixpkgs",
        "rev": "151fa4e8ddfdd8dd25d945ad94ed54a13de9f6e4",
        "type": "github"
      },
      "original": {
        "owner": "nixos",
        "ref": "nixos-unstable",
        "repo": "nixpkgs",
        "type": "github"
      }
    },
    "root": {
      "inputs": {
        "nixpkgs": "nixpkgs",
        "zig-flake": "zig-flake",
        "zls": "zls"
      }
    },
    "zig-flake": {
      "inputs": {
        "nixpkgs": [
          "nixpkgs"
        ]
      },
      "locked": {
        "lastModified": 1791274385,
        "narHash": "sha256-RvBaxM98nQN5kdRqpCNOOCpYl3qaQwy6vwYiy09GVk8=",
        "owner": "silversquirl",
        "repo": "zig-flake",
        "rev": "eb73f81f2d959cc9663d0b3022425d2c7f1b0d72",
        "type": "github"
      },
      "original": {
        "owner": "silversquirl",
        "repo": "zig-flake",
        "type": "github"
      }
    },
    "zls": {
      "inputs": {
        "nixpkgs": [
          "nixpkgs"
        ],
        "zig-flake": [
          "zig-flake"
        ]
      },
      "locked": {
        "lastModified": 1790989120,
        "narHash": "sha256-7BnT4VrhOApLVWDay7w6Jm9z/pNWc4trOLAwu+TfQLk=",
        "owner": "zigtools",
        "repo": "zls",
        "rev": "eab2be0fd74443a27662da809b771c4ad0d2afcf",
        "type": "github"
      },
      "original": {
        "owner": "zigtools",
        "repo": "zls",
        "type": "github"
      }
    }
  },
  "root": "root",
  "version": 7
}
